
Microsoft Visual Studio Solution File, Format Version 12.00
# Visual Studio Version 16
VisualStudioVersion = 16.0.29209.62
MinimumVisualStudioVersion = 10.0.40219.1
Project("{FAE04EC0-301F-11D3-BF4B-00C04F79EFBC}") = "CSVtoJson3000", "CSVtoJson3000\CSVtoJson3000.csproj", "{AEF77C59-DA40-4D2F-87EA-B73F5A40C33C}"
EndProject
Global
	GlobalSection(SolutionConfigurationPlatforms) = preSolution
		Debug|Any CPU = Debug|Any CPU
		Release|Any CPU = Release|Any CPU
	EndGlobalSection
	GlobalSection(ProjectConfigurationPlatforms) = postSolution
		{AEF77C59-DA40-4D2F-87EA-B73F5A40C33C}.Debug|Any CPU.ActiveCfg = Debug|Any CPU
		{AEF77C59-DA40-4D2F-87EA-B73F5A40C33C}.Debug|Any CPU.Build.0 = Debug|Any CPU
		{AEF77C59-DA40-4D2F-87EA-B73F5A40C33C}.Release|Any CPU.ActiveCfg = Release|Any CPU
		{AEF77C59-DA40-4D2F-87EA-B73F5A40C33C}.Release|Any CPU.Build.0 = Release|Any CPU
	EndGlobalSection
	GlobalSection(SolutionProperties) = preSolution
		HideSolutionNode = FALSE
	EndGlobalSection
	GlobalSection(ExtensibilityGlobals) = postSolution
		SolutionGuid = {A7C7C982-84F6-47D8-A0CC-BC31845AD0A4}
	EndGlobalSection
EndGlobal
